
Microsoft Visual Studio Solution File, Format Version 12.00
# Visual Studio Version 17
VisualStudioVersion = 17.14.36915.13 d17.14
MinimumVisualStudioVersion = 10.0.40219.1
Project("{FAE04EC0-301F-11D3-BF4B-00C04F79EFBC}") = "SiteVisit", "SiteVisit.csproj", "{72EFBE1D-6BC1-4815-AA88-14102792F91D}"
EndProject
Global
	GlobalSection(SolutionConfigurationPlatforms) = preSolution
		Debug|Any CPU = Debug|Any CPU
		Release|Any CPU = Release|Any CPU
	EndGlobalSection
	GlobalSection(ProjectConfigurationPlatforms) = postSolution
		{72EFBE1D-6BC1-4815-AA88-14102792F91D}.Debug|Any CPU.ActiveCfg = Debug|Any CPU
		{72EFBE1D-6BC1-4815-AA88-14102792F91D}.Debug|Any CPU.Build.0 = Debug|Any CPU
		{72EFBE1D-6BC1-4815-AA88-14102792F91D}.Release|Any CPU.ActiveCfg = Release|Any CPU
		{72EFBE1D-6BC1-4815-AA88-14102792F91D}.Release|Any CPU.Build.0 = Release|Any CPU
	EndGlobalSection
	GlobalSection(SolutionProperties) = preSolution
		HideSolutionNode = FALSE
	EndGlobalSection
	GlobalSection(ExtensibilityGlobals) = postSolution
		SolutionGuid = {BF6C12D0-52F6-4195-859B-8E7F71AADDD9}
	EndGlobalSection
EndGlobal
